
Microsoft Visual Studio Solution File, Format Version 11.00
# Visual Studio 2010
Project("{FAE04EC0-301F-11D3-BF4B-00C04F79EFBC}") = "Assembly-CSharp", "Assembly-CSharp.csproj", "{c59967b0-5da3-3b3c-aff7-60d541460391}"
EndProject
Project("{FAE04EC0-301F-11D3-BF4B-00C04F79EFBC}") = "Assembly-CSharp-Editor", "Assembly-CSharp-Editor.csproj", "{72e60c74-d242-e4cc-5187-3685971c808e}"
EndProject
Global
	GlobalSection(SolutionConfigurationPlatforms) = preSolution
		Debug|Any CPU = Debug|Any CPU
	EndGlobalSection
	GlobalSection(ProjectConfigurationPlatforms) = postSolution
		{c59967b0-5da3-3b3c-aff7-60d541460391}.Debug|Any CPU.ActiveCfg = Debug|Any CPU
		{c59967b0-5da3-3b3c-aff7-60d541460391}.Debug|Any CPU.Build.0 = Debug|Any CPU
		{72e60c74-d242-e4cc-5187-3685971c808e}.Debug|Any CPU.ActiveCfg = Debug|Any CPU
		{72e60c74-d242-e4cc-5187-3685971c808e}.Debug|Any CPU.Build.0 = Debug|Any CPU
	EndGlobalSection
	GlobalSection(SolutionProperties) = preSolution
		HideSolutionNode = FALSE
	EndGlobalSection
EndGlobal
